# This file was autogenerated by uv via the following command:
#    uv pip compile pamati-ai/backend/pyproject.toml --extra dev --python-version 3.12 -o pamati-ai/backend/requirements.lock
alembic==1.20.0
    # via pamati-backend (pamati-ai/backend/pyproject.toml)
annotated-doc==0.0.5
    # via fastapi
annotated-types==0.8.0
    # via pydantic
anyio==4.15.1
    # via
    #   httpx
    #   starlette
    #   watchfiles
argon2-cffi==25.1.0
    # via pamati-backend (pamati-ai/backend/pyproject.toml)
argon2-cffi-bindings==26.1.0
    # via argon2-cffi
certifi==2026.7.22
    # via
    #   httpcore
    #   httpx
cffi==2.1.1
    # via
    #   argon2-cffi-bindings
    #   cryptography
click==8.5.0
    # via uvicorn
colorama==0.4.6
    # via pytest
cryptography==50.0.2
    # via pymysql
fastapi==0.142.2
    # via pamati-backend (pamati-ai/backend/pyproject.toml)
greenlet==3.5.6
    # via sqlalchemy
h11==0.16.0
    # via
    #   httpcore
    #   uvicorn
httpcore==1.0.9
    # via httpx
httptools==0.8.0
    # via uvicorn
httpx==0.28.1
    # via pamati-backend (pamati-ai/backend/pyproject.toml)
idna==3.20
    # via
    #   anyio
    #   httpx
iniconfig==2.3.0
    # via pytest
mako==1.4.3
    # via alembic
markupsafe==3.0.3
    # via mako
opentelemetry-api==1.45.0
    # via fastapi
packaging==26.3
    # via pytest
pluggy==1.6.0
    # via pytest
pycparser==3.0
    # via cffi
pydantic==2.13.5
    # via
    #   fastapi
    #   pydantic-settings
pydantic-core==2.46.5
    # via pydantic
pydantic-settings==2.15.0
    # via pamati-backend (pamati-ai/backend/pyproject.toml)
pygments==2.21.0
    # via pytest
pymysql==1.2.3
    # via pamati-backend (pamati-ai/backend/pyproject.toml)
pytest==9.1.1
    # via pamati-backend (pamati-ai/backend/pyproject.toml)
python-dotenv==1.2.4
    # via
    #   pydantic-settings
    #   uvicorn
pyyaml==6.0.3
    # via uvicorn
ruff==0.16.10
    # via pamati-backend (pamati-ai/backend/pyproject.toml)
sqlalchemy==2.0.54
    # via
    #   pamati-backend (pamati-ai/backend/pyproject.toml)
    #   alembic
starlette==1.7.0
    # via fastapi
typing-extensions==4.16.0
    # via
    #   alembic
    #   anyio
    #   fastapi
    #   opentelemetry-api
    #   pydantic
    #   pydantic-core
    #   sqlalchemy
    #   starlette
    #   typing-inspection
typing-inspection==0.4.4
    # via
    #   fastapi
    #   pydantic
    #   pydantic-settings
uvicorn==0.54.0
    # via pamati-backend (pamati-ai/backend/pyproject.toml)
watchfiles==1.3.0
    # via uvicorn
websockets==17.1
    # via uvicorn
